
Microsoft Visual Studio Solution File, Format Version 12.00
# Visual Studio Version 17
VisualStudioVersion = 17.11.35222.181
MinimumVisualStudioVersion = 10.0.40219.1
Project("{FAE04EC0-301F-11D3-BF4B-00C04F79EFBC}") = "api_gestao_vendas_brigadeiros", "api_gestao_vendas_brigadeiros\api_gestao_vendas_brigadeiros.csproj", "{F5C2CE4F-8680-4A4F-BF84-9322A2B5713E}"
EndProject
Global
	GlobalSection(SolutionConfigurationPlatforms) = preSolution
		Debug|Any CPU = Debug|Any CPU
		Release|Any CPU = Release|Any CPU
	EndGlobalSection
	GlobalSection(ProjectConfigurationPlatforms) = postSolution
		{F5C2CE4F-8680-4A4F-BF84-9322A2B5713E}.Debug|Any CPU.ActiveCfg = Debug|Any CPU
		{F5C2CE4F-8680-4A4F-BF84-9322A2B5713E}.Debug|Any CPU.Build.0 = Debug|Any CPU
		{F5C2CE4F-8680-4A4F-BF84-9322A2B5713E}.Release|Any CPU.ActiveCfg = Release|Any CPU
		{F5C2CE4F-8680-4A4F-BF84-9322A2B5713E}.Release|Any CPU.Build.0 = Release|Any CPU
	EndGlobalSection
	GlobalSection(SolutionProperties) = preSolution
		HideSolutionNode = FALSE
	EndGlobalSection
	GlobalSection(ExtensibilityGlobals) = postSolution
		SolutionGuid = {F08D1638-AE5F-48EA-B214-155196528032}
	EndGlobalSection
EndGlobal
